
Microsoft Visual Studio Solution File, Format Version 10.00
# Visual Studio 2008
Project("{8BC9CEB8-8B4A-11D0-8D11-00A0C91BC942}") = "coldet", "coldet.vcproj", "{D44E3C6B-2B9A-46CC-BFFF-8D4CB429175D}"
EndProject
Global
	GlobalSection(SolutionConfigurationPlatforms) = preSolution
		Debug|Win32 = Debug|Win32
		Release|Win32 = Release|Win32
	EndGlobalSection
	GlobalSection(ProjectConfigurationPlatforms) = postSolution
		{D44E3C6B-2B9A-46CC-BFFF-8D4CB429175D}.Debug|Win32.ActiveCfg = Debug|Win32
		{D44E3C6B-2B9A-46CC-BFFF-8D4CB429175D}.Debug|Win32.Build.0 = Debug|Win32
		{D44E3C6B-2B9A-46CC-BFFF-8D4CB429175D}.Release|Win32.ActiveCfg = Release|Win32
		{D44E3C6B-2B9A-46CC-BFFF-8D4CB429175D}.Release|Win32.Build.0 = Release|Win32
	EndGlobalSection
	GlobalSection(SolutionProperties) = preSolution
		HideSolutionNode = FALSE
	EndGlobalSection
EndGlobal
